
Microsoft Visual Studio Solution File, Format Version 12.00
Project("{FAE04EC0-301F-11D3-BF4B-00C04F79EFBC}") = "StudentEnrollmentWPF", "StudentEnrollmentWPF\StudentEnrollmentWPF.csproj", "{B3BD720B-AB06-4644-A908-C2A8CEA59AE1}"
EndProject
Global
	GlobalSection(SolutionConfigurationPlatforms) = preSolution
		Debug|Any CPU = Debug|Any CPU
		Release|Any CPU = Release|Any CPU
	EndGlobalSection
	GlobalSection(ProjectConfigurationPlatforms) = postSolution
		{B3BD720B-AB06-4644-A908-C2A8CEA59AE1}.Debug|Any CPU.ActiveCfg = Debug|Any CPU
		{B3BD720B-AB06-4644-A908-C2A8CEA59AE1}.Debug|Any CPU.Build.0 = Debug|Any CPU
		{B3BD720B-AB06-4644-A908-C2A8CEA59AE1}.Release|Any CPU.ActiveCfg = Release|Any CPU
		{B3BD720B-AB06-4644-A908-C2A8CEA59AE1}.Release|Any CPU.Build.0 = Release|Any CPU
	EndGlobalSection
EndGlobal
